// !$*UTF8*$!
{
	archiveVersion = 1;
	classes = {
	};
	objectVersion = 60;
	objects = {

/* Begin PBXBuildFile section */
		634C2DEE2ECF3C0600341E49 /* LandmarksApp.swift in Sources */ = {isa = PBXBuildFile; fileRef = 634C2DED2ECF3C0600341E49 /* LandmarksApp.swift */; };
		634C2DF12ECF3C2700341E49 /* ContentView.swift in Sources */ = {isa = PBXBuildFile; fileRef = 634C2DF02ECF3C2700341E49 /* ContentView.swift */; };
		634C2DF32ECF3D4A00341E49 /* CircleImage.swift in Sources */ = {isa = PBXBuildFile; fileRef = 634C2DF22ECF3D4A00341E49 /* CircleImage.swift */; };
		634C2DFF2ECF424D00341E49 /* MapView.swift in Sources */ = {isa = PBXBuildFile; fileRef = 634C2DFE2ECF424D00341E49 /* MapView.swift */; };
		634C2E032ECF429500341E49 /* Landmark.swift in Sources */ = {isa = PBXBuildFile; fileRef = 634C2E022ECF429500341E49 /* Landmark.swift */; };
		634C2E052ECF441900341E49 /* ModelData.swift in Sources */ = {isa = PBXBuildFile; fileRef = 634C2E042ECF441900341E49 /* ModelData.swift */; };
		634C2E072ECF44DA00341E49 /* landmarkData.json in Resources */ = {isa = PBXBuildFile; fileRef = 634C2E062ECF44DA00341E49 /* landmarkData.json */; };
		634C2E0C2ECF45C600341E49 /* LandmarkRow.swift in Sources */ = {isa = PBXBuildFile; fileRef = 634C2E0B2ECF45C600341E49 /* LandmarkRow.swift */; };
		634C2E0E2ECF469C00341E49 /* LandmarkList.swift in Sources */ = {isa = PBXBuildFile; fileRef = 634C2E0D2ECF469C00341E49 /* LandmarkList.swift */; };
		634C2E102ECF475200341E49 /* LandmarkDetail.swift in Sources */ = {isa = PBXBuildFile; fileRef = 634C2E0F2ECF475200341E49 /* LandmarkDetail.swift */; };
		634C2E122ECF6C9000341E49 /* FavoriteButton.swift in Sources */ = {isa = PBXBuildFile; fileRef = 634C2E112ECF6C9000341E49 /* FavoriteButton.swift */; };
		634C2E162ED9898800341E49 /* HexagonParameters.swift in Sources */ = {isa = PBXBuildFile; fileRef = 634C2E152ED9898800341E49 /* HexagonParameters.swift */; };
		634C2E182ED98C2200341E49 /* BadgeBackground.swift in Sources */ = {isa = PBXBuildFile; fileRef = 634C2E172ED98C2200341E49 /* BadgeBackground.swift */; };
		634C2E1A2ED9A13100341E49 /* BadgeSymbol.swift in Sources */ = {isa = PBXBuildFile; fileRef = 634C2E192ED9A13100341E49 /* BadgeSymbol.swift */; };
		634C2E1C2ED9A58400341E49 /* RotatedBadgeSymbol.swift in Sources */ = {isa = PBXBuildFile; fileRef = 634C2E1B2ED9A58400341E49 /* RotatedBadgeSymbol.swift */; };
		634C2E1E2ED9A6A000341E49 /* Badge.swift in Sources */ = {isa = PBXBuildFile; fileRef = 634C2E1D2ED9A6A000341E49 /* Badge.swift */; };
		634C2E232ED9AACC00341E49 /* Hike.swift in Sources */ = {isa = PBXBuildFile; fileRef = 634C2E222ED9AACC00341E49 /* Hike.swift */; };
		634C2E292ED9AEF200341E49 /* HikeDetail.swift in Sources */ = {isa = PBXBuildFile; fileRef = 634C2E252ED9AEF200341E49 /* HikeDetail.swift */; };
		634C2E2A2ED9AEF200341E49 /* GraphCapsule.swift in Sources */ = {isa = PBXBuildFile; fileRef = 634C2E242ED9AEF200341E49 /* GraphCapsule.swift */; };
		634C2E2B2ED9AEF200341E49 /* HikeGraph.swift in Sources */ = {isa = PBXBuildFile; fileRef = 634C2E262ED9AEF200341E49 /* HikeGraph.swift */; };
		634C2E2C2ED9AEF200341E49 /* HikeView.swift in Sources */ = {isa = PBXBuildFile; fileRef = 634C2E272ED9AEF200341E49 /* HikeView.swift */; };
		634C2E2E2ED9B1CC00341E49 /* hikeData.json in Resources */ = {isa = PBXBuildFile; fileRef = 634C2E2D2ED9B1CC00341E49 /* hikeData.json */; };
		C20D77F224B665D8002E7AEA /* Assets.xcassets in Resources */ = {isa = PBXBuildFile; fileRef = C20D77F124B665D8002E7AEA /* Assets.xcassets */; };
		C20D77F524B665D8002E7AEA /* Preview Assets.xcassets in Resources */ = {isa = PBXBuildFile; fileRef = C20D77F424B665D8002E7AEA /* Preview Assets.xcassets */; };
/* End PBXBuildFile section */

/* Begin PBXFileReference section */
		634C2DED2ECF3C0600341E49 /* LandmarksApp.swift */ = {isa = PBXFileReference; lastKnownFileType = sourcecode.swift; path = LandmarksApp.swift; sourceTree = "<group>"; };
		634C2DF02ECF3C2700341E49 /* ContentView.swift */ = {isa = PBXFileReference; lastKnownFileType = sourcecode.swift; name = ContentView.swift; path = ../ContentView.swift; sourceTree = "<group>"; };
		634C2DF22ECF3D4A00341E49 /* CircleImage.swift */ = {isa = PBXFileReference; lastKnownFileType = sourcecode.swift; name = CircleImage.swift; path = ../../CircleImage.swift; sourceTree = SOURCE_ROOT; };
		634C2DFE2ECF424D00341E49 /* MapView.swift */ = {isa = PBXFileReference; lastKnownFileType = sourcecode.swift; name = MapView.swift; path = ../../MapView.swift; sourceTree = SOURCE_ROOT; };
		634C2E022ECF429500341E49 /* Landmark.swift */ = {isa = PBXFileReference; lastKnownFileType = sourcecode.swift; name = Landmark.swift; path = ../../Landmark.swift; sourceTree = SOURCE_ROOT; };
		634C2E042ECF441900341E49 /* ModelData.swift */ = {isa = PBXFileReference; lastKnownFileType = sourcecode.swift; name = ModelData.swift; path = ../../ModelData.swift; sourceTree = SOURCE_ROOT; };
		634C2E062ECF44DA00341E49 /* landmarkData.json */ = {isa = PBXFileReference; lastKnownFileType = text.json; path = landmarkData.json; sourceTree = "<group>"; };
		634C2E0B2ECF45C600341E49 /* LandmarkRow.swift */ = {isa = PBXFileReference; lastKnownFileType = sourcecode.swift; name = LandmarkRow.swift; path = ../../LandmarkRow.swift; sourceTree = SOURCE_ROOT; };
		634C2E0D2ECF469C00341E49 /* LandmarkList.swift */ = {isa = PBXFileReference; lastKnownFileType = sourcecode.swift; name = LandmarkList.swift; path = ../../LandmarkList.swift; sourceTree = SOURCE_ROOT; };
		634C2E0F2ECF475200341E49 /* LandmarkDetail.swift */ = {isa = PBXFileReference; lastKnownFileType = sourcecode.swift; name = LandmarkDetail.swift; path = ../../LandmarkDetail.swift; sourceTree = SOURCE_ROOT; };
		634C2E112ECF6C9000341E49 /* FavoriteButton.swift */ = {isa = PBXFileReference; lastKnownFileType = sourcecode.swift; name = FavoriteButton.swift; path = ../../FavoriteButton.swift; sourceTree = SOURCE_ROOT; };
		634C2E152ED9898800341E49 /* HexagonParameters.swift */ = {isa = PBXFileReference; lastKnownFileType = sourcecode.swift; name = HexagonParameters.swift; path = ../../HexagonParameters.swift; sourceTree = SOURCE_ROOT; };
		634C2E172ED98C2200341E49 /* BadgeBackground.swift */ = {isa = PBXFileReference; lastKnownFileType = sourcecode.swift; name = BadgeBackground.swift; path = ../../BadgeBackground.swift; sourceTree = SOURCE_ROOT; };
		634C2E192ED9A13100341E49 /* BadgeSymbol.swift */ = {isa = PBXFileReference; lastKnownFileType = sourcecode.swift; name = BadgeSymbol.swift; path = ../../BadgeSymbol.swift; sourceTree = SOURCE_ROOT; };
		634C2E1B2ED9A58400341E49 /* RotatedBadgeSymbol.swift */ = {isa = PBXFileReference; lastKnownFileType = sourcecode.swift; name = RotatedBadgeSymbol.swift; path = ../../RotatedBadgeSymbol.swift; sourceTree = SOURCE_ROOT; };
		634C2E1D2ED9A6A000341E49 /* Badge.swift */ = {isa = PBXFileReference; lastKnownFileType = sourcecode.swift; name = Badge.swift; path = ../../Badge.swift; sourceTree = SOURCE_ROOT; };
		634C2E222ED9AACC00341E49 /* Hike.swift */ = {isa = PBXFileReference; lastKnownFileType = sourcecode.swift; name = Hike.swift; path = ../../Hike.swift; sourceTree = SOURCE_ROOT; };
		634C2E242ED9AEF200341E49 /* GraphCapsule.swift */ = {isa = PBXFileReference; lastKnownFileType = sourcecode.swift; path = GraphCapsule.swift; sourceTree = "<group>"; };
		634C2E252ED9AEF200341E49 /* HikeDetail.swift */ = {isa = PBXFileReference; lastKnownFileType = sourcecode.swift; path = HikeDetail.swift; sourceTree = "<group>"; };
		634C2E262ED9AEF200341E49 /* HikeGraph.swift */ = {isa = PBXFileReference; lastKnownFileType = sourcecode.swift; path = HikeGraph.swift; sourceTree = "<group>"; };
		634C2E272ED9AEF200341E49 /* HikeView.swift */ = {isa = PBXFileReference; lastKnownFileType = sourcecode.swift; path = HikeView.swift; sourceTree = "<group>"; };
		634C2E2D2ED9B1CC00341E49 /* hikeData.json */ = {isa = PBXFileReference; lastKnownFileType = text.json; path = hikeData.json; sourceTree = "<group>"; };
		C20D77EA24B665D7002E7AEA /* Landmarks.app */ = {isa = PBXFileReference; explicitFileType = wrapper.application; includeInIndex = 0; path = Landmarks.app; sourceTree = BUILT_PRODUCTS_DIR; };
		C20D77F124B665D8002E7AEA /* Assets.xcassets */ = {isa = PBXFileReference; lastKnownFileType = folder.assetcatalog; path = Assets.xcassets; sourceTree = "<group>"; };
		C20D77F424B665D8002E7AEA /* Preview Assets.xcassets */ = {isa = PBXFileReference; lastKnownFileType = folder.assetcatalog; path = "Preview Assets.xcassets"; sourceTree = "<group>"; };
		C2AC4E8924DE1856005E019B /* README.md */ = {isa = PBXFileReference; fileEncoding = 4; lastKnownFileType = net.daringfireball.markdown; path = README.md; sourceTree = "<group>"; };
		D37C64DBD0434958E334DB7A /* LICENSE.txt */ = {isa = PBXFileReference; includeInIndex = 1; lastKnownFileType = text; path = LICENSE.txt; sourceTree = "<group>"; };
		EAFCC7FAFBD54E954DE59292 /* SampleCode.xcconfig */ = {isa = PBXFileReference; lastKnownFileType = text.xcconfig; name = SampleCode.xcconfig; path = Configuration/SampleCode.xcconfig; sourceTree = "<group>"; };
/* End PBXFileReference section */

/* Begin PBXFrameworksBuildPhase section */
		C20D77E724B665D7002E7AEA /* Frameworks */ = {
			isa = PBXFrameworksBuildPhase;
			buildActionMask = 2147483647;
			files = (
			);
			runOnlyForDeploymentPostprocessing = 0;
		};
/* End PBXFrameworksBuildPhase section */

/* Begin PBXGroup section */
		201EA7EE79E5C62AEE7F9426 /* LICENSE */ = {
			isa = PBXGroup;
			children = (
				D37C64DBD0434958E334DB7A /* LICENSE.txt */,
			);
			path = LICENSE;
			sourceTree = "<group>";
		};
		634C2E082ECF451A00341E49 /* Views1 */ = {
			isa = PBXGroup;
			children = (
				634C2DF02ECF3C2700341E49 /* ContentView.swift */,
			);
			path = Views1;
			sourceTree = "<group>";
		};
		634C2E092ECF452600341E49 /* Model1 */ = {
			isa = PBXGroup;
			children = (
				634C2E022ECF429500341E49 /* Landmark.swift */,
				634C2E042ECF441900341E49 /* ModelData.swift */,
			);
			path = Model1;
			sourceTree = "<group>";
		};
		634C2E0A2ECF456400341E49 /* Resources1 */ = {
			isa = PBXGroup;
			children = (
				634C2E062ECF44DA00341E49 /* landmarkData.json */,
			);
			path = Resources1;
			sourceTree = "<group>";
		};
		634C2E132ECF6DB900341E49 /* Helper1 */ = {
			isa = PBXGroup;
			children = (
				634C2E112ECF6C9000341E49 /* FavoriteButton.swift */,
				634C2DFE2ECF424D00341E49 /* MapView.swift */,
				634C2DF22ECF3D4A00341E49 /* CircleImage.swift */,
			);
			path = Helper1;
			sourceTree = "<group>";
		};
		634C2E142ECF6DE300341E49 /* Landmarks1 */ = {
			isa = PBXGroup;
			children = (
				634C2E0B2ECF45C600341E49 /* LandmarkRow.swift */,
				634C2E0D2ECF469C00341E49 /* LandmarkList.swift */,
				634C2E0F2ECF475200341E49 /* LandmarkDetail.swift */,
			);
			path = Landmarks1;
			sourceTree = "<group>";
		};
		634C2E1F2ED9A9E000341E49 /* Badges1 */ = {
			isa = PBXGroup;
			children = (
				634C2E152ED9898800341E49 /* HexagonParameters.swift */,
				634C2E172ED98C2200341E49 /* BadgeBackground.swift */,
				634C2E192ED9A13100341E49 /* BadgeSymbol.swift */,
				634C2E1B2ED9A58400341E49 /* RotatedBadgeSymbol.swift */,
				634C2E1D2ED9A6A000341E49 /* Badge.swift */,
			);
			path = Badges1;
			sourceTree = "<group>";
		};
		634C2E282ED9AEF200341E49 /* Hikes */ = {
			isa = PBXGroup;
			children = (
				634C2E242ED9AEF200341E49 /* GraphCapsule.swift */,
				634C2E252ED9AEF200341E49 /* HikeDetail.swift */,
				634C2E262ED9AEF200341E49 /* HikeGraph.swift */,
				634C2E272ED9AEF200341E49 /* HikeView.swift */,
			);
			path = Hikes;
			sourceTree = "<group>";
		};
		C20D77E124B665D7002E7AEA = {
			isa = PBXGroup;
			children = (
				634C2E222ED9AACC00341E49 /* Hike.swift */,
				634C2E2D2ED9B1CC00341E49 /* hikeData.json */,
				634C2E282ED9AEF200341E49 /* Hikes */,
				634C2E1F2ED9A9E000341E49 /* Badges1 */,
				C2AC4E8924DE1856005E019B /* README.md */,
				C20D77EC24B665D7002E7AEA /* Landmarks */,
				C20D77EB24B665D7002E7AEA /* Products */,
				EE393712D7B336982239DD17 /* Configuration */,
				201EA7EE79E5C62AEE7F9426 /* LICENSE */,
			);
			sourceTree = "<group>";
		};
		C20D77EB24B665D7002E7AEA /* Products */ = {
			isa = PBXGroup;
			children = (
				C20D77EA24B665D7002E7AEA /* Landmarks.app */,
			);
			name = Products;
			sourceTree = "<group>";
		};
		C20D77EC24B665D7002E7AEA /* Landmarks */ = {
			isa = PBXGroup;
			children = (
				634C2DED2ECF3C0600341E49 /* LandmarksApp.swift */,
				634C2E132ECF6DB900341E49 /* Helper1 */,
				634C2E142ECF6DE300341E49 /* Landmarks1 */,
				634C2E082ECF451A00341E49 /* Views1 */,
				634C2E092ECF452600341E49 /* Model1 */,
				634C2E0A2ECF456400341E49 /* Resources1 */,
				C20D77F124B665D8002E7AEA /* Assets.xcassets */,
				C20D77F324B665D8002E7AEA /* Preview Content */,
			);
			path = Landmarks;
			sourceTree = "<group>";
		};
		C20D77F324B665D8002E7AEA /* Preview Content */ = {
			isa = PBXGroup;
			children = (
				C20D77F424B665D8002E7AEA /* Preview Assets.xcassets */,
			);
			path = "Preview Content";
			sourceTree = "<group>";
		};
		EE393712D7B336982239DD17 /* Configuration */ = {
			isa = PBXGroup;
			children = (
				EAFCC7FAFBD54E954DE59292 /* SampleCode.xcconfig */,
			);
			name = Configuration;
			sourceTree = "<group>";
		};
/* End PBXGroup section */

/* Begin PBXNativeTarget section */
		C20D77E924B665D7002E7AEA /* Landmarks */ = {
			isa = PBXNativeTarget;
			buildConfigurationList = C20D77F924B665D8002E7AEA /* Build configuration list for PBXNativeTarget "Landmarks" */;
			buildPhases = (
				C20D77E624B665D7002E7AEA /* Sources */,
				C20D77E724B665D7002E7AEA /* Frameworks */,
				C20D77E824B665D7002E7AEA /* Resources */,
			);
			buildRules = (
			);
			dependencies = (
			);
			name = Landmarks;
			productName = Landmarks;
			productReference = C20D77EA24B665D7002E7AEA /* Landmarks.app */;
			productType = "com.apple.product-type.application";
		};
/* End PBXNativeTarget section */

/* Begin PBXProject section */
		C20D77E224B665D7002E7AEA /* Project object */ = {
			isa = PBXProject;
			attributes = {
				BuildIndependentTargetsInParallel = YES;
				LastSwiftUpdateCheck = 1200;
				LastUpgradeCheck = 1640;
				ORGANIZATIONNAME = Apple;
				TargetAttributes = {
					C20D77E924B665D7002E7AEA = {
						CreatedOnToolsVersion = 12.0;
						LastSwiftMigration = 2600;
					};
				};
			};
			buildConfigurationList = C20D77E524B665D7002E7AEA /* Build configuration list for PBXProject "CreatingAndCombiningViews" */;
			compatibilityVersion = "Xcode 15.0";
			developmentRegion = en;
			hasScannedForEncodings = 0;
			knownRegions = (
				en,
				Base,
			);
			mainGroup = C20D77E124B665D7002E7AEA;
			productRefGroup = C20D77EB24B665D7002E7AEA /* Products */;
			projectDirPath = "";
			projectRoot = "";
			targets = (
				C20D77E924B665D7002E7AEA /* Landmarks */,
			);
		};
/* End PBXProject section */

/* Begin PBXResourcesBuildPhase section */
		C20D77E824B665D7002E7AEA /* Resources */ = {
			isa = PBXResourcesBuildPhase;
			buildActionMask = 2147483647;
			files = (
				634C2E2E2ED9B1CC00341E49 /* hikeData.json in Resources */,
				C20D77F524B665D8002E7AEA /* Preview Assets.xcassets in Resources */,
				C20D77F224B665D8002E7AEA /* Assets.xcassets in Resources */,
				634C2E072ECF44DA00341E49 /* landmarkData.json in Resources */,
			);
			runOnlyForDeploymentPostprocessing = 0;
		};
/* End PBXResourcesBuildPhase section */

/* Begin PBXSourcesBuildPhase section */
		C20D77E624B665D7002E7AEA /* Sources */ = {
			isa = PBXSourcesBuildPhase;
			buildActionMask = 2147483647;
			files = (
				634C2DF12ECF3C2700341E49 /* ContentView.swift in Sources */,
				634C2E1E2ED9A6A000341E49 /* Badge.swift in Sources */,
				634C2DEE2ECF3C0600341E49 /* LandmarksApp.swift in Sources */,
				634C2E292ED9AEF200341E49 /* HikeDetail.swift in Sources */,
				634C2E2A2ED9AEF200341E49 /* GraphCapsule.swift in Sources */,
				634C2E2B2ED9AEF200341E49 /* HikeGraph.swift in Sources */,
				634C2E2C2ED9AEF200341E49 /* HikeView.swift in Sources */,
				634C2DFF2ECF424D00341E49 /* MapView.swift in Sources */,
				634C2E122ECF6C9000341E49 /* FavoriteButton.swift in Sources */,
				634C2E162ED9898800341E49 /* HexagonParameters.swift in Sources */,
				634C2E232ED9AACC00341E49 /* Hike.swift in Sources */,
				634C2E1C2ED9A58400341E49 /* RotatedBadgeSymbol.swift in Sources */,
				634C2E1A2ED9A13100341E49 /* BadgeSymbol.swift in Sources */,
				634C2E0E2ECF469C00341E49 /* LandmarkList.swift in Sources */,
				634C2E102ECF475200341E49 /* LandmarkDetail.swift in Sources */,
				634C2E182ED98C2200341E49 /* BadgeBackground.swift in Sources */,
				634C2DF32ECF3D4A00341E49 /* CircleImage.swift in Sources */,
				634C2E032ECF429500341E49 /* Landmark.swift in Sources */,
				634C2E0C2ECF45C600341E49 /* LandmarkRow.swift in Sources */,
				634C2E052ECF441900341E49 /* ModelData.swift in Sources */,
			);
			runOnlyForDeploymentPostprocessing = 0;
		};
/* End PBXSourcesBuildPhase section */

/* Begin XCBuildConfiguration section */
		C20D77F724B665D8002E7AEA /* Debug */ = {
			isa = XCBuildConfiguration;
			baseConfigurationReference = EAFCC7FAFBD54E954DE59292 /* SampleCode.xcconfig */;
			buildSettings = {
				ALWAYS_SEARCH_USER_PATHS = NO;
				CLANG_ANALYZER_NONNULL = YES;
				CLANG_ANALYZER_NUMBER_OBJECT_CONVERSION = YES_AGGRESSIVE;
				CLANG_CXX_LANGUAGE_STANDARD = "gnu++14";
				CLANG_CXX_LIBRARY = "libc++";
				CLANG_ENABLE_MODULES = YES;
				CLANG_ENABLE_OBJC_ARC = YES;
				CLANG_ENABLE_OBJC_WEAK = YES;
				CLANG_WARN_BLOCK_CAPTURE_AUTORELEASING = YES;
				CLANG_WARN_BOOL_CONVERSION = YES;
				CLANG_WARN_COMMA = YES;
				CLANG_WARN_CONSTANT_CONVERSION = YES;
				CLANG_WARN_DEPRECATED_OBJC_IMPLEMENTATIONS = YES;
				CLANG_WARN_DIRECT_OBJC_ISA_USAGE = YES_ERROR;
				CLANG_WARN_DOCUMENTATION_COMMENTS = YES;
				CLANG_WARN_EMPTY_BODY = YES;
				CLANG_WARN_ENUM_CONVERSION = YES;
				CLANG_WARN_INFINITE_RECURSION = YES;
				CLANG_WARN_INT_CONVERSION = YES;
				CLANG_WARN_NON_LITERAL_NULL_CONVERSION = YES;
				CLANG_WARN_OBJC_IMPLICIT_RETAIN_SELF = YES;
				CLANG_WARN_OBJC_LITERAL_CONVERSION = YES;
				CLANG_WARN_OBJC_ROOT_CLASS = YES_ERROR;
				CLANG_WARN_QUOTED_INCLUDE_IN_FRAMEWORK_HEADER = YES;
				CLANG_WARN_RANGE_LOOP_ANALYSIS = YES;
				CLANG_WARN_STRICT_PROTOTYPES = YES;
				CLANG_WARN_SUSPICIOUS_MOVE = YES;
				CLANG_WARN_UNGUARDED_AVAILABILITY = YES_AGGRESSIVE;
				CLANG_WARN_UNREACHABLE_CODE = YES;
				CLANG_WARN__DUPLICATE_METHOD_MATCH = YES;
				COPY_PHASE_STRIP = NO;
				DEBUG_INFORMATION_FORMAT = dwarf;
				ENABLE_STRICT_OBJC_MSGSEND = YES;
				ENABLE_TESTABILITY = YES;
				ENABLE_USER_SCRIPT_SANDBOXING = YES;
				GCC_C_LANGUAGE_STANDARD = gnu11;
				GCC_DYNAMIC_NO_PIC = NO;
				GCC_NO_COMMON_BLOCKS = YES;
				GCC_OPTIMIZATION_LEVEL = 0;
				GCC_PREPROCESSOR_DEFINITIONS = (
					"DEBUG=1",
					"$(inherited)",
				);
				GCC_WARN_64_TO_32_BIT_CONVERSION = YES;
				GCC_WARN_ABOUT_RETURN_TYPE = YES_ERROR;
				GCC_WARN_UNDECLARED_SELECTOR = YES;
				GCC_WARN_UNINITIALIZED_AUTOS = YES_AGGRESSIVE;
				GCC_WARN_UNUSED_FUNCTION = YES;
				GCC_WARN_UNUSED_VARIABLE = YES;
				IPHONEOS_DEPLOYMENT_TARGET = 17.0;
				MTL_ENABLE_DEBUG_INFO = INCLUDE_SOURCE;
				MTL_FAST_MATH = YES;
				ONLY_ACTIVE_ARCH = YES;
				SDKROOT = iphoneos;
				SWIFT_ACTIVE_COMPILATION_CONDITIONS = DEBUG;
				SWIFT_OPTIMIZATION_LEVEL = "-Onone";
			};
			name = Debug;
		};
		C20D77F824B665D8002E7AEA /* Release */ = {
			isa = XCBuildConfiguration;
			baseConfigurationReference = EAFCC7FAFBD54E954DE59292 /* SampleCode.xcconfig */;
			buildSettings = {
				ALWAYS_SEARCH_USER_PATHS = NO;
				CLANG_ANALYZER_NONNULL = YES;
				CLANG_ANALYZER_NUMBER_OBJECT_CONVERSION = YES_AGGRESSIVE;
				CLANG_CXX_LANGUAGE_STANDARD = "gnu++14";
				CLANG_CXX_LIBRARY = "libc++";
				CLANG_ENABLE_MODULES = YES;
				CLANG_ENABLE_OBJC_ARC = YES;
				CLANG_ENABLE_OBJC_WEAK = YES;
				CLANG_WARN_BLOCK_CAPTURE_AUTORELEASING = YES;
				CLANG_WARN_BOOL_CONVERSION = YES;
				CLANG_WARN_COMMA = YES;
				CLANG_WARN_CONSTANT_CONVERSION = YES;
				CLANG_WARN_DEPRECATED_OBJC_IMPLEMENTATIONS = YES;
				CLANG_WARN_DIRECT_OBJC_ISA_USAGE = YES_ERROR;
				CLANG_WARN_DOCUMENTATION_COMMENTS = YES;
				CLANG_WARN_EMPTY_BODY = YES;
				CLANG_WARN_ENUM_CONVERSION = YES;
				CLANG_WARN_INFINITE_RECURSION = YES;
				CLANG_WARN_INT_CONVERSION = YES;
				CLANG_WARN_NON_LITERAL_NULL_CONVERSION = YES;
				CLANG_WARN_OBJC_IMPLICIT_RETAIN_SELF = YES;
				CLANG_WARN_OBJC_LITERAL_CONVERSION = YES;
				CLANG_WARN_OBJC_ROOT_CLASS = YES_ERROR;
				CLANG_WARN_QUOTED_INCLUDE_IN_FRAMEWORK_HEADER = YES;
				CLANG_WARN_RANGE_LOOP_ANALYSIS = YES;
				CLANG_WARN_STRICT_PROTOTYPES = YES;
				CLANG_WARN_SUSPICIOUS_MOVE = YES;
				CLANG_WARN_UNGUARDED_AVAILABILITY = YES_AGGRESSIVE;
				CLANG_WARN_UNREACHABLE_CODE = YES;
				CLANG_WARN__DUPLICATE_METHOD_MATCH = YES;
				COPY_PHASE_STRIP = NO;
				DEBUG_INFORMATION_FORMAT = "dwarf-with-dsym";
				ENABLE_NS_ASSERTIONS = NO;
				ENABLE_STRICT_OBJC_MSGSEND = YES;
				ENABLE_USER_SCRIPT_SANDBOXING = YES;
				GCC_C_LANGUAGE_STANDARD = gnu11;
				GCC_NO_COMMON_BLOCKS = YES;
				GCC_WARN_64_TO_32_BIT_CONVERSION = YES;
				GCC_WARN_ABOUT_RETURN_TYPE = YES_ERROR;
				GCC_WARN_UNDECLARED_SELECTOR = YES;
				GCC_WARN_UNINITIALIZED_AUTOS = YES_AGGRESSIVE;
				GCC_WARN_UNUSED_FUNCTION = YES;
				GCC_WARN_UNUSED_VARIABLE = YES;
				IPHONEOS_DEPLOYMENT_TARGET = 17.0;
				MTL_ENABLE_DEBUG_INFO = NO;
				MTL_FAST_MATH = YES;
				SDKROOT = iphoneos;
				SWIFT_COMPILATION_MODE = wholemodule;
				SWIFT_OPTIMIZATION_LEVEL = "-O";
				VALIDATE_PRODUCT = YES;
			};
			name = Release;
		};
		C20D77FA24B665D8002E7AEA /* Debug */ = {
			isa = XCBuildConfiguration;
			baseConfigurationReference = EAFCC7FAFBD54E954DE59292 /* SampleCode.xcconfig */;
			buildSettings = {
				ASSETCATALOG_COMPILER_APPICON_NAME = AppIcon;
				ASSETCATALOG_COMPILER_GLOBAL_ACCENT_COLOR_NAME = AccentColor;
				CLANG_ENABLE_MODULES = YES;
				CODE_SIGN_STYLE = Automatic;
				CURRENT_PROJECT_VERSION = 1;
				DEVELOPMENT_ASSET_PATHS = "\"Landmarks/Preview Content\"";
				DEVELOPMENT_TEAM = "";
				ENABLE_PREVIEWS = YES;
				GENERATE_INFOPLIST_FILE = YES;
				INFOPLIST_KEY_UIApplicationSceneManifest_Generation = YES;
				INFOPLIST_KEY_UIApplicationSupportsIndirectInputEvents = YES;
				INFOPLIST_KEY_UILaunchScreen_Generation = YES;
				INFOPLIST_KEY_UISupportedInterfaceOrientations = "UIInterfaceOrientationLandscapeLeft UIInterfaceOrientationLandscapeRight UIInterfaceOrientationPortrait";
				INFOPLIST_KEY_UISupportedInterfaceOrientations_iPad = "UIInterfaceOrientationLandscapeLeft UIInterfaceOrientationLandscapeRight UIInterfaceOrientationPortrait UIInterfaceOrientationPortraitUpsideDown";
				IPHONEOS_DEPLOYMENT_TARGET = 17.0;
				LD_RUNPATH_SEARCH_PATHS = (
					"$(inherited)",
					"@executable_path/Frameworks",
				);
				MARKETING_VERSION = 1.0;
				PRODUCT_BUNDLE_IDENTIFIER = "com.example.apple-samplecode.Landmarks${SAMPLE_CODE_DISAMBIGUATOR}";
				PRODUCT_NAME = "$(TARGET_NAME)";
				PROVISIONING_PROFILE_SPECIFIER = "";
				SWIFT_OBJC_BRIDGING_HEADER = "Landmarks/Landmarks-Bridging-Header.h";
				SWIFT_OPTIMIZATION_LEVEL = "-Onone";
				SWIFT_VERSION = 5.0;
				TARGETED_DEVICE_FAMILY = "1,2";
			};
			name = Debug;
		};
		C20D77FB24B665D8002E7AEA /* Release */ = {
			isa = XCBuildConfiguration;
			baseConfigurationReference = EAFCC7FAFBD54E954DE59292 /* SampleCode.xcconfig */;
			buildSettings = {
				ASSETCATALOG_COMPILER_APPICON_NAME = AppIcon;
				ASSETCATALOG_COMPILER_GLOBAL_ACCENT_COLOR_NAME = AccentColor;
				CLANG_ENABLE_MODULES = YES;
				CODE_SIGN_STYLE = Automatic;
				CURRENT_PROJECT_VERSION = 1;
				DEVELOPMENT_ASSET_PATHS = "\"Landmarks/Preview Content\"";
				DEVELOPMENT_TEAM = "";
				ENABLE_PREVIEWS = YES;
				GENERATE_INFOPLIST_FILE = YES;
				INFOPLIST_KEY_UIApplicationSceneManifest_Generation = YES;
				INFOPLIST_KEY_UIApplicationSupportsIndirectInputEvents = YES;
				INFOPLIST_KEY_UILaunchScreen_Generation = YES;
				INFOPLIST_KEY_UISupportedInterfaceOrientations = "UIInterfaceOrientationLandscapeLeft UIInterfaceOrientationLandscapeRight UIInterfaceOrientationPortrait";
				INFOPLIST_KEY_UISupportedInterfaceOrientations_iPad = "UIInterfaceOrientationLandscapeLeft UIInterfaceOrientationLandscapeRight UIInterfaceOrientationPortrait UIInterfaceOrientationPortraitUpsideDown";
				IPHONEOS_DEPLOYMENT_TARGET = 17.0;
				LD_RUNPATH_SEARCH_PATHS = (
					"$(inherited)",
					"@executable_path/Frameworks",
				);
				MARKETING_VERSION = 1.0;
				PRODUCT_BUNDLE_IDENTIFIER = "com.example.apple-samplecode.Landmarks${SAMPLE_CODE_DISAMBIGUATOR}";
				PRODUCT_NAME = "$(TARGET_NAME)";
				PROVISIONING_PROFILE_SPECIFIER = "";
				SWIFT_OBJC_BRIDGING_HEADER = "Landmarks/Landmarks-Bridging-Header.h";
				SWIFT_VERSION = 5.0;
				TARGETED_DEVICE_FAMILY = "1,2";
			};
			name = Release;
		};
/* End XCBuildConfiguration section */

/* Begin XCConfigurationList section */
		C20D77E524B665D7002E7AEA /* Build configuration list for PBXProject "CreatingAndCombiningViews" */ = {
			isa = XCConfigurationList;
			buildConfigurations = (
				C20D77F724B665D8002E7AEA /* Debug */,
				C20D77F824B665D8002E7AEA /* Release */,
			);
			defaultConfigurationIsVisible = 0;
			defaultConfigurationName = Release;
		};
		C20D77F924B665D8002E7AEA /* Build configuration list for PBXNativeTarget "Landmarks" */ = {
			isa = XCConfigurationList;
			buildConfigurations = (
				C20D77FA24B665D8002E7AEA /* Debug */,
				C20D77FB24B665D8002E7AEA /* Release */,
			);
			defaultConfigurationIsVisible = 0;
			defaultConfigurationName = Release;
		};
/* End XCConfigurationList section */
	};
	rootObject = C20D77E224B665D7002E7AEA /* Project object */;
}
